# THIS IS AN AUTOGENERATED FILE. DO NOT EDIT THIS FILE DIRECTLY.
# yarn lockfile v1


apng-player@^1.0.3:
  version "1.0.3"
  resolved "https://registry.npmjs.org/apng-player/-/apng-player-1.0.3.tgz#62be4229760771f365f10a8bb8e74084893b27bf"
  integrity sha512-aL/kyTXZIyIQIAkJYd6LTSQueUZ/kW/pFCKTMl+ftrYnnuS+/Wv7gPu3AIkp9OhMWnpxaVpes+to96Q/mycfng==

react-native-apng-player@^2.0.9:
  version "2.0.9"
  resolved "https://registry.npmjs.org/react-native-apng-player/-/react-native-apng-player-2.0.9.tgz#a4cd927df8a86634e4960d7e67dd8a2f271765b3"
  integrity sha512-drga7t132awVmkuMym4SLLnmfK4kMLQhbdSDOJ/uZVJ8K9wCJU8XWnCevvLdV/eursuT5NOM11+eomNssFGngw==
